
Microsoft Visual Studio Solution File, Format Version 12.00
# Visual Studio Version 17
VisualStudioVersion = 17.11.35222.181
MinimumVisualStudioVersion = 10.0.40219.1
Project("{FAE04EC0-301F-11D3-BF4B-00C04F79EFBC}") = "Simulador_de_SmartTV", "Simulador_de_SmartTV\Simulador_de_SmartTV.csproj", "{BDAC8941-ACFE-4846-BDBA-02E3F16C3C2F}"
EndProject
Global
	GlobalSection(SolutionConfigurationPlatforms) = preSolution
		Debug|Any CPU = Debug|Any CPU
		Release|Any CPU = Release|Any CPU
	EndGlobalSection
	GlobalSection(ProjectConfigurationPlatforms) = postSolution
		{BDAC8941-ACFE-4846-BDBA-02E3F16C3C2F}.Debug|Any CPU.ActiveCfg = Debug|Any CPU
		{BDAC8941-ACFE-4846-BDBA-02E3F16C3C2F}.Debug|Any CPU.Build.0 = Debug|Any CPU
		{BDAC8941-ACFE-4846-BDBA-02E3F16C3C2F}.Release|Any CPU.ActiveCfg = Release|Any CPU
		{BDAC8941-ACFE-4846-BDBA-02E3F16C3C2F}.Release|Any CPU.Build.0 = Release|Any CPU
	EndGlobalSection
	GlobalSection(SolutionProperties) = preSolution
		HideSolutionNode = FALSE
	EndGlobalSection
	GlobalSection(ExtensibilityGlobals) = postSolution
		SolutionGuid = {5C4BA9EB-366B-4416-BAC7-A10D05D9C6EA}
	EndGlobalSection
EndGlobal
