
Microsoft Visual Studio Solution File, Format Version 12.00
# Visual Studio Version 17
VisualStudioVersion = 17.11.35222.181
MinimumVisualStudioVersion = 10.0.40219.1
Project("{FAE04EC0-301F-11D3-BF4B-00C04F79EFBC}") = "Simulador_Automovil", "Simulador_Automovil\Simulador_Automovil.csproj", "{5526A5D8-F7DE-43D7-B56F-57213F45AE6E}"
EndProject
Global
	GlobalSection(SolutionConfigurationPlatforms) = preSolution
		Debug|Any CPU = Debug|Any CPU
		Release|Any CPU = Release|Any CPU
	EndGlobalSection
	GlobalSection(ProjectConfigurationPlatforms) = postSolution
		{5526A5D8-F7DE-43D7-B56F-57213F45AE6E}.Debug|Any CPU.ActiveCfg = Debug|Any CPU
		{5526A5D8-F7DE-43D7-B56F-57213F45AE6E}.Debug|Any CPU.Build.0 = Debug|Any CPU
		{5526A5D8-F7DE-43D7-B56F-57213F45AE6E}.Release|Any CPU.ActiveCfg = Release|Any CPU
		{5526A5D8-F7DE-43D7-B56F-57213F45AE6E}.Release|Any CPU.Build.0 = Release|Any CPU
	EndGlobalSection
	GlobalSection(SolutionProperties) = preSolution
		HideSolutionNode = FALSE
	EndGlobalSection
	GlobalSection(ExtensibilityGlobals) = postSolution
		SolutionGuid = {86D001E6-BD9B-4A86-8665-4B11A94A004B}
	EndGlobalSection
EndGlobal
